{
  "requires": true,
  "lockfileVersion": 1,
  "dependencies": {
    "argon2-browser": {
      "version": "1.15.3",
      "resolved": "https://registry.npmjs.org/argon2-browser/-/argon2-browser-1.15.3.tgz",
      "integrity": "sha512-CLY1Y+hqdP305Wnkh7ZyWVDmBc3SRjaFETqQ0Sx2Rc2x0D/o+rSscL1P4hVI1Yz6qMHP469vc2DyJJesq9h8WQ=="
    },
    "argon2-wasm": {
      "version": "0.9.0",
      "resolved": "https://registry.npmjs.org/argon2-wasm/-/argon2-wasm-0.9.0.tgz",
      "integrity": "sha512-bt5xqrDt5FnA1gdLLouOwi2NN1h9BeML8DmKth7CCYhygoXUEDeIxEMB++q+CUPQ8U5gju065Z0MjI+hVSXX7A=="
    }
  }
}
